// !$*UTF8*$!
{
	archiveVersion = 1;
	classes = {
	};
	objectVersion = 55;
	objects = {

/* Begin PBXBuildFile section */
		6D3E6BDF229A68726D43E2AD /* Pods_Expense_Tracker.framework in Frameworks */ = {isa = PBXBuildFile; fileRef = F8C612505368CC1222E5AC4E /* Pods_Expense_Tracker.framework */; };
		9605036227F367080081EAC6 /* HomeHeaderCollectionReusableView.swift in Sources */ = {isa = PBXBuildFile; fileRef = 9605036127F367080081EAC6 /* HomeHeaderCollectionReusableView.swift */; };
		9605036427F36C640081EAC6 /* TransactionListCollectionViewCell.swift in Sources */ = {isa = PBXBuildFile; fileRef = 9605036327F36C640081EAC6 /* TransactionListCollectionViewCell.swift */; };
		9605036627F378590081EAC6 /* BalanceCollectionViewCell.swift in Sources */ = {isa = PBXBuildFile; fileRef = 9605036527F378590081EAC6 /* BalanceCollectionViewCell.swift */; };
		9619ACDE27F2DE8D00CB0F40 /* ExpenseDatePickerTableViewCell.swift in Sources */ = {isa = PBXBuildFile; fileRef = 9619ACDD27F2DE8D00CB0F40 /* ExpenseDatePickerTableViewCell.swift */; };
		9619ACE027F2E11E00CB0F40 /* ExpenseTextfieldTableViewCell.swift in Sources */ = {isa = PBXBuildFile; fileRef = 9619ACDF27F2E11E00CB0F40 /* ExpenseTextfieldTableViewCell.swift */; };
		9619ACE227F30BE000CB0F40 /* AddExpenseScreenTwoTableHeaderView.swift in Sources */ = {isa = PBXBuildFile; fileRef = 9619ACE127F30BE000CB0F40 /* AddExpenseScreenTwoTableHeaderView.swift */; };
		9619ACE427F30C9600CB0F40 /* TableHeaderViewLabel.swift in Sources */ = {isa = PBXBuildFile; fileRef = 9619ACE327F30C9600CB0F40 /* TableHeaderViewLabel.swift */; };
		961BEEE627EDE2C4003A1D11 /* Extensions.swift in Sources */ = {isa = PBXBuildFile; fileRef = 961BEEE527EDE2C4003A1D11 /* Extensions.swift */; };
		961BEEE927EEEFB0003A1D11 /* EmptyView.swift in Sources */ = {isa = PBXBuildFile; fileRef = 961BEEE827EEEFB0003A1D11 /* EmptyView.swift */; };
		961BEEEC27EF0901003A1D11 /* EmptyViewLabel.swift in Sources */ = {isa = PBXBuildFile; fileRef = 961BEEEB27EF0901003A1D11 /* EmptyViewLabel.swift */; };
		961BEEEE27F1952F003A1D11 /* AddExpenseScreenTwoViewController.swift in Sources */ = {isa = PBXBuildFile; fileRef = 961BEEED27F1952F003A1D11 /* AddExpenseScreenTwoViewController.swift */; };
		961BEEF027F19D77003A1D11 /* HeaderTitleCollectionReusableView.swift in Sources */ = {isa = PBXBuildFile; fileRef = 961BEEEF27F19D77003A1D11 /* HeaderTitleCollectionReusableView.swift */; };
		961BEEF527F1A341003A1D11 /* ExpenseCategoryCollectionViewCell.swift in Sources */ = {isa = PBXBuildFile; fileRef = 961BEEF427F1A341003A1D11 /* ExpenseCategoryCollectionViewCell.swift */; };
		961BEEF727F1A34A003A1D11 /* ExpenseTypeCollectionViewCell.swift in Sources */ = {isa = PBXBuildFile; fileRef = 961BEEF627F1A34A003A1D11 /* ExpenseTypeCollectionViewCell.swift */; };
		961BEEF927F1A353003A1D11 /* ExpenseTitleCollectionViewCell.swift in Sources */ = {isa = PBXBuildFile; fileRef = 961BEEF827F1A353003A1D11 /* ExpenseTitleCollectionViewCell.swift */; };
		961BEEFB27F1A617003A1D11 /* ExpenseTypeLabel.swift in Sources */ = {isa = PBXBuildFile; fileRef = 961BEEFA27F1A617003A1D11 /* ExpenseTypeLabel.swift */; };
		961BEEFF27F23969003A1D11 /* ExpenseTypeView.swift in Sources */ = {isa = PBXBuildFile; fileRef = 961BEEFE27F23969003A1D11 /* ExpenseTypeView.swift */; };
		9623F3D527F6E2D200C74235 /* HapticsManager.swift in Sources */ = {isa = PBXBuildFile; fileRef = 9623F3D327F6E2D200C74235 /* HapticsManager.swift */; };
		9623F3D627F6E2D200C74235 /* AlertManager.swift in Sources */ = {isa = PBXBuildFile; fileRef = 9623F3D427F6E2D200C74235 /* AlertManager.swift */; };
		9647708C27EDA956005DB20D /* AppDelegate.swift in Sources */ = {isa = PBXBuildFile; fileRef = 9647708B27EDA956005DB20D /* AppDelegate.swift */; };
		9647708E27EDA956005DB20D /* SceneDelegate.swift in Sources */ = {isa = PBXBuildFile; fileRef = 9647708D27EDA956005DB20D /* SceneDelegate.swift */; };
		9647709627EDA956005DB20D /* Expense_Tracker.xcdatamodeld in Sources */ = {isa = PBXBuildFile; fileRef = 9647709427EDA956005DB20D /* Expense_Tracker.xcdatamodeld */; };
		9647709827EDA957005DB20D /* Assets.xcassets in Resources */ = {isa = PBXBuildFile; fileRef = 9647709727EDA957005DB20D /* Assets.xcassets */; };
		9647709B27EDA957005DB20D /* LaunchScreen.storyboard in Resources */ = {isa = PBXBuildFile; fileRef = 9647709927EDA957005DB20D /* LaunchScreen.storyboard */; };
		964770AB27EDD281005DB20D /* HomeViewController.swift in Sources */ = {isa = PBXBuildFile; fileRef = 964770AA27EDD281005DB20D /* HomeViewController.swift */; };
		964770AD27EDD2E0005DB20D /* ExpenseDetailedViewController.swift in Sources */ = {isa = PBXBuildFile; fileRef = 964770AC27EDD2E0005DB20D /* ExpenseDetailedViewController.swift */; };
		964770AF27EDD2F2005DB20D /* TransactionExpenseTypeListViewController.swift in Sources */ = {isa = PBXBuildFile; fileRef = 964770AE27EDD2F2005DB20D /* TransactionExpenseTypeListViewController.swift */; };
		964770B127EDD2FF005DB20D /* AboutViewController.swift in Sources */ = {isa = PBXBuildFile; fileRef = 964770B027EDD2FF005DB20D /* AboutViewController.swift */; };
		964770B327EDD32C005DB20D /* AddExpenseScreenOneViewController.swift in Sources */ = {isa = PBXBuildFile; fileRef = 964770B227EDD32C005DB20D /* AddExpenseScreenOneViewController.swift */; };
		964770B827EDD7DF005DB20D /* InputTextField.swift in Sources */ = {isa = PBXBuildFile; fileRef = 964770B727EDD7DF005DB20D /* InputTextField.swift */; };
		96870E1127F47ED8006EDB53 /* PersistentStorage.swift in Sources */ = {isa = PBXBuildFile; fileRef = 96870E1027F47ED8006EDB53 /* PersistentStorage.swift */; };
		96A2DD0227F822D20022BFEE /* SettingsViewController.swift in Sources */ = {isa = PBXBuildFile; fileRef = 96A2DD0127F822D20022BFEE /* SettingsViewController.swift */; };
		96A2DD0427F835AC0022BFEE /* SettingsTableViewCell.swift in Sources */ = {isa = PBXBuildFile; fileRef = 96A2DD0327F835AC0022BFEE /* SettingsTableViewCell.swift */; };
		96A2DD0727F835CD0022BFEE /* SettingsSection.swift in Sources */ = {isa = PBXBuildFile; fileRef = 96A2DD0627F835CD0022BFEE /* SettingsSection.swift */; };
		96A2DD0927F835DD0022BFEE /* SettingsOption.swift in Sources */ = {isa = PBXBuildFile; fileRef = 96A2DD0827F835DD0022BFEE /* SettingsOption.swift */; };
		96BEA31927F4D8E800A8D1B9 /* TransactionDataRepository.swift in Sources */ = {isa = PBXBuildFile; fileRef = 96BEA31827F4D8E800A8D1B9 /* TransactionDataRepository.swift */; };
		96BEA31B27F4E1CE00A8D1B9 /* TransactionManager.swift in Sources */ = {isa = PBXBuildFile; fileRef = 96BEA31A27F4E1CE00A8D1B9 /* TransactionManager.swift */; };
		96BEA31E27F4EF9000A8D1B9 /* CDTransaction+CoreDataClass.swift in Sources */ = {isa = PBXBuildFile; fileRef = 96BEA31C27F4EF9000A8D1B9 /* CDTransaction+CoreDataClass.swift */; };
		96BEA31F27F4EF9000A8D1B9 /* CDTransaction+CoreDataProperties.swift in Sources */ = {isa = PBXBuildFile; fileRef = 96BEA31D27F4EF9000A8D1B9 /* CDTransaction+CoreDataProperties.swift */; };
		96D7C5D627F4231400C1F22B /* TransactionListTableViewCell.swift in Sources */ = {isa = PBXBuildFile; fileRef = 96D7C5D527F4231400C1F22B /* TransactionListTableViewCell.swift */; };
		96D7C5D827F4257300C1F22B /* ChartView.swift in Sources */ = {isa = PBXBuildFile; fileRef = 96D7C5D727F4257300C1F22B /* ChartView.swift */; };
		96D7C5DA27F4279400C1F22B /* ExpenseDetailedTableViewCell.swift in Sources */ = {isa = PBXBuildFile; fileRef = 96D7C5D927F4279400C1F22B /* ExpenseDetailedTableViewCell.swift */; };
		96D7C5DC27F4339F00C1F22B /* TransactionListViewController.swift in Sources */ = {isa = PBXBuildFile; fileRef = 96D7C5DB27F4339F00C1F22B /* TransactionListViewController.swift */; };
/* End PBXBuildFile section */

/* Begin PBXFileReference section */
		93BFFD96BBC3C39BC8BC50C8 /* Pods-Expense Tracker.release.xcconfig */ = {isa = PBXFileReference; includeInIndex = 1; lastKnownFileType = text.xcconfig; name = "Pods-Expense Tracker.release.xcconfig"; path = "Target Support Files/Pods-Expense Tracker/Pods-Expense Tracker.release.xcconfig"; sourceTree = "<group>"; };
		9605036127F367080081EAC6 /* HomeHeaderCollectionReusableView.swift */ = {isa = PBXFileReference; lastKnownFileType = sourcecode.swift; path = HomeHeaderCollectionReusableView.swift; sourceTree = "<group>"; };
		9605036327F36C640081EAC6 /* TransactionListCollectionViewCell.swift */ = {isa = PBXFileReference; lastKnownFileType = sourcecode.swift; path = TransactionListCollectionViewCell.swift; sourceTree = "<group>"; };
		9605036527F378590081EAC6 /* BalanceCollectionViewCell.swift */ = {isa = PBXFileReference; lastKnownFileType = sourcecode.swift; path = BalanceCollectionViewCell.swift; sourceTree = "<group>"; };
		9619ACDD27F2DE8D00CB0F40 /* ExpenseDatePickerTableViewCell.swift */ = {isa = PBXFileReference; lastKnownFileType = sourcecode.swift; path = ExpenseDatePickerTableViewCell.swift; sourceTree = "<group>"; };
		9619ACDF27F2E11E00CB0F40 /* ExpenseTextfieldTableViewCell.swift */ = {isa = PBXFileReference; lastKnownFileType = sourcecode.swift; path = ExpenseTextfieldTableViewCell.swift; sourceTree = "<group>"; };
		9619ACE127F30BE000CB0F40 /* AddExpenseScreenTwoTableHeaderView.swift */ = {isa = PBXFileReference; lastKnownFileType = sourcecode.swift; path = AddExpenseScreenTwoTableHeaderView.swift; sourceTree = "<group>"; };
		9619ACE327F30C9600CB0F40 /* TableHeaderViewLabel.swift */ = {isa = PBXFileReference; lastKnownFileType = sourcecode.swift; path = TableHeaderViewLabel.swift; sourceTree = "<group>"; };
		961BEEE527EDE2C4003A1D11 /* Extensions.swift */ = {isa = PBXFileReference; lastKnownFileType = sourcecode.swift; path = Extensions.swift; sourceTree = "<group>"; };
		961BEEE827EEEFB0003A1D11 /* EmptyView.swift */ = {isa = PBXFileReference; lastKnownFileType = sourcecode.swift; path = EmptyView.swift; sourceTree = "<group>"; };
		961BEEEB27EF0901003A1D11 /* EmptyViewLabel.swift */ = {isa = PBXFileReference; lastKnownFileType = sourcecode.swift; path = EmptyViewLabel.swift; sourceTree = "<group>"; };
		961BEEED27F1952F003A1D11 /* AddExpenseScreenTwoViewController.swift */ = {isa = PBXFileReference; lastKnownFileType = sourcecode.swift; path = AddExpenseScreenTwoViewController.swift; sourceTree = "<group>"; };
		961BEEEF27F19D77003A1D11 /* HeaderTitleCollectionReusableView.swift */ = {isa = PBXFileReference; lastKnownFileType = sourcecode.swift; path = HeaderTitleCollectionReusableView.swift; sourceTree = "<group>"; };
		961BEEF427F1A341003A1D11 /* ExpenseCategoryCollectionViewCell.swift */ = {isa = PBXFileReference; lastKnownFileType = sourcecode.swift; path = ExpenseCategoryCollectionViewCell.swift; sourceTree = "<group>"; };
		961BEEF627F1A34A003A1D11 /* ExpenseTypeCollectionViewCell.swift */ = {isa = PBXFileReference; lastKnownFileType = sourcecode.swift; path = ExpenseTypeCollectionViewCell.swift; sourceTree = "<group>"; };
		961BEEF827F1A353003A1D11 /* ExpenseTitleCollectionViewCell.swift */ = {isa = PBXFileReference; lastKnownFileType = sourcecode.swift; path = ExpenseTitleCollectionViewCell.swift; sourceTree = "<group>"; };
		961BEEFA27F1A617003A1D11 /* ExpenseTypeLabel.swift */ = {isa = PBXFileReference; lastKnownFileType = sourcecode.swift; path = ExpenseTypeLabel.swift; sourceTree = "<group>"; };
		961BEEFE27F23969003A1D11 /* ExpenseTypeView.swift */ = {isa = PBXFileReference; fileEncoding = 4; lastKnownFileType = sourcecode.swift; path = ExpenseTypeView.swift; sourceTree = "<group>"; };
		9623F3D327F6E2D200C74235 /* HapticsManager.swift */ = {isa = PBXFileReference; fileEncoding = 4; lastKnownFileType = sourcecode.swift; path = HapticsManager.swift; sourceTree = "<group>"; };
		9623F3D427F6E2D200C74235 /* AlertManager.swift */ = {isa = PBXFileReference; fileEncoding = 4; lastKnownFileType = sourcecode.swift; path = AlertManager.swift; sourceTree = "<group>"; };
		9647708827EDA956005DB20D /* Expense Tracker.app */ = {isa = PBXFileReference; explicitFileType = wrapper.application; includeInIndex = 0; path = "Expense Tracker.app"; sourceTree = BUILT_PRODUCTS_DIR; };
		9647708B27EDA956005DB20D /* AppDelegate.swift */ = {isa = PBXFileReference; lastKnownFileType = sourcecode.swift; path = AppDelegate.swift; sourceTree = "<group>"; };
		9647708D27EDA956005DB20D /* SceneDelegate.swift */ = {isa = PBXFileReference; lastKnownFileType = sourcecode.swift; path = SceneDelegate.swift; sourceTree = "<group>"; };
		9647709527EDA956005DB20D /* Expense_Tracker.xcdatamodel */ = {isa = PBXFileReference; lastKnownFileType = wrapper.xcdatamodel; path = Expense_Tracker.xcdatamodel; sourceTree = "<group>"; };
		9647709727EDA957005DB20D /* Assets.xcassets */ = {isa = PBXFileReference; lastKnownFileType = folder.assetcatalog; path = Assets.xcassets; sourceTree = "<group>"; };
		9647709A27EDA957005DB20D /* Base */ = {isa = PBXFileReference; lastKnownFileType = file.storyboard; name = Base; path = Base.lproj/LaunchScreen.storyboard; sourceTree = "<group>"; };
		9647709C27EDA957005DB20D /* Info.plist */ = {isa = PBXFileReference; lastKnownFileType = text.plist.xml; path = Info.plist; sourceTree = "<group>"; };
		964770AA27EDD281005DB20D /* HomeViewController.swift */ = {isa = PBXFileReference; lastKnownFileType = sourcecode.swift; path = HomeViewController.swift; sourceTree = "<group>"; };
		964770AC27EDD2E0005DB20D /* ExpenseDetailedViewController.swift */ = {isa = PBXFileReference; lastKnownFileType = sourcecode.swift; path = ExpenseDetailedViewController.swift; sourceTree = "<group>"; };
		964770AE27EDD2F2005DB20D /* TransactionExpenseTypeListViewController.swift */ = {isa = PBXFileReference; lastKnownFileType = sourcecode.swift; path = TransactionExpenseTypeListViewController.swift; sourceTree = "<group>"; };
		964770B027EDD2FF005DB20D /* AboutViewController.swift */ = {isa = PBXFileReference; lastKnownFileType = sourcecode.swift; path = AboutViewController.swift; sourceTree = "<group>"; };
		964770B227EDD32C005DB20D /* AddExpenseScreenOneViewController.swift */ = {isa = PBXFileReference; lastKnownFileType = sourcecode.swift; path = AddExpenseScreenOneViewController.swift; sourceTree = "<group>"; };
		964770B727EDD7DF005DB20D /* InputTextField.swift */ = {isa = PBXFileReference; lastKnownFileType = sourcecode.swift; path = InputTextField.swift; sourceTree = "<group>"; };
		96870E1027F47ED8006EDB53 /* PersistentStorage.swift */ = {isa = PBXFileReference; lastKnownFileType = sourcecode.swift; path = PersistentStorage.swift; sourceTree = "<group>"; };
		96A2DD0127F822D20022BFEE /* SettingsViewController.swift */ = {isa = PBXFileReference; lastKnownFileType = sourcecode.swift; path = SettingsViewController.swift; sourceTree = "<group>"; };
		96A2DD0327F835AC0022BFEE /* SettingsTableViewCell.swift */ = {isa = PBXFileReference; lastKnownFileType = sourcecode.swift; path = SettingsTableViewCell.swift; sourceTree = "<group>"; };
		96A2DD0627F835CD0022BFEE /* SettingsSection.swift */ = {isa = PBXFileReference; lastKnownFileType = sourcecode.swift; path = SettingsSection.swift; sourceTree = "<group>"; };
		96A2DD0827F835DD0022BFEE /* SettingsOption.swift */ = {isa = PBXFileReference; lastKnownFileType = sourcecode.swift; path = SettingsOption.swift; sourceTree = "<group>"; };
		96BEA31827F4D8E800A8D1B9 /* TransactionDataRepository.swift */ = {isa = PBXFileReference; lastKnownFileType = sourcecode.swift; path = TransactionDataRepository.swift; sourceTree = "<group>"; };
		96BEA31A27F4E1CE00A8D1B9 /* TransactionManager.swift */ = {isa = PBXFileReference; lastKnownFileType = sourcecode.swift; path = TransactionManager.swift; sourceTree = "<group>"; };
		96BEA31C27F4EF9000A8D1B9 /* CDTransaction+CoreDataClass.swift */ = {isa = PBXFileReference; lastKnownFileType = sourcecode.swift; path = "CDTransaction+CoreDataClass.swift"; sourceTree = SOURCE_ROOT; };
		96BEA31D27F4EF9000A8D1B9 /* CDTransaction+CoreDataProperties.swift */ = {isa = PBXFileReference; lastKnownFileType = sourcecode.swift; path = "CDTransaction+CoreDataProperties.swift"; sourceTree = SOURCE_ROOT; };
		96D7C5D527F4231400C1F22B /* TransactionListTableViewCell.swift */ = {isa = PBXFileReference; lastKnownFileType = sourcecode.swift; path = TransactionListTableViewCell.swift; sourceTree = "<group>"; };
		96D7C5D727F4257300C1F22B /* ChartView.swift */ = {isa = PBXFileReference; lastKnownFileType = sourcecode.swift; path = ChartView.swift; sourceTree = "<group>"; };
		96D7C5D927F4279400C1F22B /* ExpenseDetailedTableViewCell.swift */ = {isa = PBXFileReference; lastKnownFileType = sourcecode.swift; path = ExpenseDetailedTableViewCell.swift; sourceTree = "<group>"; };
		96D7C5DB27F4339F00C1F22B /* TransactionListViewController.swift */ = {isa = PBXFileReference; lastKnownFileType = sourcecode.swift; path = TransactionListViewController.swift; sourceTree = "<group>"; };
		F01808B3AD0DB10A5920E9A4 /* Pods-Expense Tracker.debug.xcconfig */ = {isa = PBXFileReference; includeInIndex = 1; lastKnownFileType = text.xcconfig; name = "Pods-Expense Tracker.debug.xcconfig"; path = "Target Support Files/Pods-Expense Tracker/Pods-Expense Tracker.debug.xcconfig"; sourceTree = "<group>"; };
		F8C612505368CC1222E5AC4E /* Pods_Expense_Tracker.framework */ = {isa = PBXFileReference; explicitFileType = wrapper.framework; includeInIndex = 0; path = Pods_Expense_Tracker.framework; sourceTree = BUILT_PRODUCTS_DIR; };
/* End PBXFileReference section */

/* Begin PBXFrameworksBuildPhase section */
		9647708527EDA955005DB20D /* Frameworks */ = {
			isa = PBXFrameworksBuildPhase;
			buildActionMask = 2147483647;
			files = (
				6D3E6BDF229A68726D43E2AD /* Pods_Expense_Tracker.framework in Frameworks */,
			);
			runOnlyForDeploymentPostprocessing = 0;
		};
/* End PBXFrameworksBuildPhase section */

/* Begin PBXGroup section */
		2F155C75B0A83F32F6B49731 /* Frameworks */ = {
			isa = PBXGroup;
			children = (
				F8C612505368CC1222E5AC4E /* Pods_Expense_Tracker.framework */,
			);
			name = Frameworks;
			sourceTree = "<group>";
		};
		79BB05A9D4D32377ECB867A3 /* Pods */ = {
			isa = PBXGroup;
			children = (
				F01808B3AD0DB10A5920E9A4 /* Pods-Expense Tracker.debug.xcconfig */,
				93BFFD96BBC3C39BC8BC50C8 /* Pods-Expense Tracker.release.xcconfig */,
			);
			path = Pods;
			sourceTree = "<group>";
		};
		9605036727F395990081EAC6 /* Home */ = {
			isa = PBXGroup;
			children = (
				9605036127F367080081EAC6 /* HomeHeaderCollectionReusableView.swift */,
				9605036327F36C640081EAC6 /* TransactionListCollectionViewCell.swift */,
				9605036527F378590081EAC6 /* BalanceCollectionViewCell.swift */,
			);
			path = Home;
			sourceTree = "<group>";
		};
		9619ACD727F2D1EA00CB0F40 /* Add Expense */ = {
			isa = PBXGroup;
			children = (
				9619ACD927F2DE4000CB0F40 /* Screen 1 */,
				9619ACDA27F2DE4900CB0F40 /* Screen 2 */,
			);
			path = "Add Expense";
			sourceTree = "<group>";
		};
		9619ACD827F2D20000CB0F40 /* Add Expense */ = {
			isa = PBXGroup;
			children = (
				964770B227EDD32C005DB20D /* AddExpenseScreenOneViewController.swift */,
				961BEEED27F1952F003A1D11 /* AddExpenseScreenTwoViewController.swift */,
			);
			path = "Add Expense";
			sourceTree = "<group>";
		};
		9619ACD927F2DE4000CB0F40 /* Screen 1 */ = {
			isa = PBXGroup;
			children = (
				961BEEF827F1A353003A1D11 /* ExpenseTitleCollectionViewCell.swift */,
				961BEEF427F1A341003A1D11 /* ExpenseCategoryCollectionViewCell.swift */,
				961BEEF627F1A34A003A1D11 /* ExpenseTypeCollectionViewCell.swift */,
			);
			path = "Screen 1";
			sourceTree = "<group>";
		};
		9619ACDA27F2DE4900CB0F40 /* Screen 2 */ = {
			isa = PBXGroup;
			children = (
				9619ACE127F30BE000CB0F40 /* AddExpenseScreenTwoTableHeaderView.swift */,
				9619ACDF27F2E11E00CB0F40 /* ExpenseTextfieldTableViewCell.swift */,
				9619ACDD27F2DE8D00CB0F40 /* ExpenseDatePickerTableViewCell.swift */,
			);
			path = "Screen 2";
			sourceTree = "<group>";
		};
		961BEEE727EEEBE3003A1D11 /* Textfields */ = {
			isa = PBXGroup;
			children = (
				964770B727EDD7DF005DB20D /* InputTextField.swift */,
			);
			path = Textfields;
			sourceTree = "<group>";
		};
		961BEEEA27EF08E0003A1D11 /* Labels */ = {
			isa = PBXGroup;
			children = (
				961BEEEB27EF0901003A1D11 /* EmptyViewLabel.swift */,
				961BEEFA27F1A617003A1D11 /* ExpenseTypeLabel.swift */,
				9619ACE327F30C9600CB0F40 /* TableHeaderViewLabel.swift */,
			);
			path = Labels;
			sourceTree = "<group>";
		};
		9647707F27EDA955005DB20D = {
			isa = PBXGroup;
			children = (
				9647708A27EDA956005DB20D /* Expense Tracker */,
				9647708927EDA956005DB20D /* Products */,
				79BB05A9D4D32377ECB867A3 /* Pods */,
				2F155C75B0A83F32F6B49731 /* Frameworks */,
			);
			sourceTree = "<group>";
		};
		9647708927EDA956005DB20D /* Products */ = {
			isa = PBXGroup;
			children = (
				9647708827EDA956005DB20D /* Expense Tracker.app */,
			);
			name = Products;
			sourceTree = "<group>";
		};
		9647708A27EDA956005DB20D /* Expense Tracker */ = {
			isa = PBXGroup;
			children = (
				96A2DD0A27F838BB0022BFEE /* Storage */,
				964770A227EDD10A005DB20D /* Resources */,
				96A2DD0527F835C50022BFEE /* Models */,
				96BEA31227F4D77E00A8D1B9 /* Repositories */,
				964770A727EDD151005DB20D /* Managers */,
				964770A427EDD12B005DB20D /* Views */,
				964770A627EDD140005DB20D /* Controllers */,
				9647709C27EDA957005DB20D /* Info.plist */,
				9647709427EDA956005DB20D /* Expense_Tracker.xcdatamodeld */,
			);
			path = "Expense Tracker";
			sourceTree = "<group>";
		};
		964770A227EDD10A005DB20D /* Resources */ = {
			isa = PBXGroup;
			children = (
				964770A327EDD115005DB20D /* Delegates */,
				96BEA31327F4D7B800A8D1B9 /* CoreData Support Files */,
				9647709727EDA957005DB20D /* Assets.xcassets */,
				961BEEE527EDE2C4003A1D11 /* Extensions.swift */,
			);
			path = Resources;
			sourceTree = "<group>";
		};
		964770A327EDD115005DB20D /* Delegates */ = {
			isa = PBXGroup;
			children = (
				9647708B27EDA956005DB20D /* AppDelegate.swift */,
				9647708D27EDA956005DB20D /* SceneDelegate.swift */,
			);
			path = Delegates;
			sourceTree = "<group>";
		};
		964770A427EDD12B005DB20D /* Views */ = {
			isa = PBXGroup;
			children = (
				964770A527EDD131005DB20D /* Storyboard */,
				964770B527EDD7AD005DB20D /* Others */,
			);
			path = Views;
			sourceTree = "<group>";
		};
		964770A527EDD131005DB20D /* Storyboard */ = {
			isa = PBXGroup;
			children = (
				9647709927EDA957005DB20D /* LaunchScreen.storyboard */,
			);
			path = Storyboard;
			sourceTree = "<group>";
		};
		964770A627EDD140005DB20D /* Controllers */ = {
			isa = PBXGroup;
			children = (
				964770B427EDD34C005DB20D /* Expense */,
				964770AA27EDD281005DB20D /* HomeViewController.swift */,
				964770B027EDD2FF005DB20D /* AboutViewController.swift */,
				96A2DD0127F822D20022BFEE /* SettingsViewController.swift */,
			);
			path = Controllers;
			sourceTree = "<group>";
		};
		964770A727EDD151005DB20D /* Managers */ = {
			isa = PBXGroup;
			children = (
				96BEA31A27F4E1CE00A8D1B9 /* TransactionManager.swift */,
				9623F3D427F6E2D200C74235 /* AlertManager.swift */,
				9623F3D327F6E2D200C74235 /* HapticsManager.swift */,
			);
			path = Managers;
			sourceTree = "<group>";
		};
		964770B427EDD34C005DB20D /* Expense */ = {
			isa = PBXGroup;
			children = (
				9619ACD827F2D20000CB0F40 /* Add Expense */,
				964770AC27EDD2E0005DB20D /* ExpenseDetailedViewController.swift */,
				964770AE27EDD2F2005DB20D /* TransactionExpenseTypeListViewController.swift */,
				96D7C5DB27F4339F00C1F22B /* TransactionListViewController.swift */,
			);
			path = Expense;
			sourceTree = "<group>";
		};
		964770B527EDD7AD005DB20D /* Others */ = {
			isa = PBXGroup;
			children = (
				9605036727F395990081EAC6 /* Home */,
				9619ACD727F2D1EA00CB0F40 /* Add Expense */,
				961BEEEA27EF08E0003A1D11 /* Labels */,
				961BEEE727EEEBE3003A1D11 /* Textfields */,
				96D7C5D727F4257300C1F22B /* ChartView.swift */,
				961BEEE827EEEFB0003A1D11 /* EmptyView.swift */,
				961BEEEF27F19D77003A1D11 /* HeaderTitleCollectionReusableView.swift */,
				961BEEFE27F23969003A1D11 /* ExpenseTypeView.swift */,
				96D7C5D527F4231400C1F22B /* TransactionListTableViewCell.swift */,
				96D7C5D927F4279400C1F22B /* ExpenseDetailedTableViewCell.swift */,
				96A2DD0327F835AC0022BFEE /* SettingsTableViewCell.swift */,
			);
			path = Others;
			sourceTree = "<group>";
		};
		96A2DD0527F835C50022BFEE /* Models */ = {
			isa = PBXGroup;
			children = (
				96A2DD0627F835CD0022BFEE /* SettingsSection.swift */,
				96A2DD0827F835DD0022BFEE /* SettingsOption.swift */,
			);
			path = Models;
			sourceTree = "<group>";
		};
		96A2DD0A27F838BB0022BFEE /* Storage */ = {
			isa = PBXGroup;
			children = (
				96870E1027F47ED8006EDB53 /* PersistentStorage.swift */,
			);
			path = Storage;
			sourceTree = "<group>";
		};
		96BEA31227F4D77E00A8D1B9 /* Repositories */ = {
			isa = PBXGroup;
			children = (
				96BEA31827F4D8E800A8D1B9 /* TransactionDataRepository.swift */,
			);
			path = Repositories;
			sourceTree = "<group>";
		};
		96BEA31327F4D7B800A8D1B9 /* CoreData Support Files */ = {
			isa = PBXGroup;
			children = (
				96BEA31C27F4EF9000A8D1B9 /* CDTransaction+CoreDataClass.swift */,
				96BEA31D27F4EF9000A8D1B9 /* CDTransaction+CoreDataProperties.swift */,
			);
			path = "CoreData Support Files";
			sourceTree = "<group>";
		};
/* End PBXGroup section */

/* Begin PBXNativeTarget section */
		9647708727EDA955005DB20D /* Expense Tracker */ = {
			isa = PBXNativeTarget;
			buildConfigurationList = 9647709F27EDA957005DB20D /* Build configuration list for PBXNativeTarget "Expense Tracker" */;
			buildPhases = (
				4F545E63F8423096AAF5A65B /* [CP] Check Pods Manifest.lock */,
				9647708427EDA955005DB20D /* Sources */,
				9647708527EDA955005DB20D /* Frameworks */,
				9647708627EDA955005DB20D /* Resources */,
				E91955E67EB09E5C5AEAA880 /* [CP] Embed Pods Frameworks */,
			);
			buildRules = (
			);
			dependencies = (
			);
			name = "Expense Tracker";
			productName = "Expense Tracker";
			productReference = 9647708827EDA956005DB20D /* Expense Tracker.app */;
			productType = "com.apple.product-type.application";
		};
/* End PBXNativeTarget section */

/* Begin PBXProject section */
		9647708027EDA955005DB20D /* Project object */ = {
			isa = PBXProject;
			attributes = {
				BuildIndependentTargetsInParallel = 1;
				LastSwiftUpdateCheck = 1330;
				LastUpgradeCheck = 1330;
				TargetAttributes = {
					9647708727EDA955005DB20D = {
						CreatedOnToolsVersion = 13.3;
					};
				};
			};
			buildConfigurationList = 9647708327EDA955005DB20D /* Build configuration list for PBXProject "Expense Tracker" */;
			compatibilityVersion = "Xcode 13.0";
			developmentRegion = en;
			hasScannedForEncodings = 0;
			knownRegions = (
				en,
				Base,
			);
			mainGroup = 9647707F27EDA955005DB20D;
			productRefGroup = 9647708927EDA956005DB20D /* Products */;
			projectDirPath = "";
			projectRoot = "";
			targets = (
				9647708727EDA955005DB20D /* Expense Tracker */,
			);
		};
/* End PBXProject section */

/* Begin PBXResourcesBuildPhase section */
		9647708627EDA955005DB20D /* Resources */ = {
			isa = PBXResourcesBuildPhase;
			buildActionMask = 2147483647;
			files = (
				9647709B27EDA957005DB20D /* LaunchScreen.storyboard in Resources */,
				9647709827EDA957005DB20D /* Assets.xcassets in Resources */,
			);
			runOnlyForDeploymentPostprocessing = 0;
		};
/* End PBXResourcesBuildPhase section */

/* Begin PBXShellScriptBuildPhase section */
		4F545E63F8423096AAF5A65B /* [CP] Check Pods Manifest.lock */ = {
			isa = PBXShellScriptBuildPhase;
			buildActionMask = 2147483647;
			files = (
			);
			inputFileListPaths = (
			);
			inputPaths = (
				"${PODS_PODFILE_DIR_PATH}/Podfile.lock",
				"${PODS_ROOT}/Manifest.lock",
			);
			name = "[CP] Check Pods Manifest.lock";
			outputFileListPaths = (
			);
			outputPaths = (
				"$(DERIVED_FILE_DIR)/Pods-Expense Tracker-checkManifestLockResult.txt",
			);
			runOnlyForDeploymentPostprocessing = 0;
			shellPath = /bin/sh;
			shellScript = "diff \"${PODS_PODFILE_DIR_PATH}/Podfile.lock\" \"${PODS_ROOT}/Manifest.lock\" > /dev/null\nif [ $? != 0 ] ; then\n    # print error to STDERR\n    echo \"error: The sandbox is not in sync with the Podfile.lock. Run 'pod install' or update your CocoaPods installation.\" >&2\n    exit 1\nfi\n# This output is used by Xcode 'outputs' to avoid re-running this script phase.\necho \"SUCCESS\" > \"${SCRIPT_OUTPUT_FILE_0}\"\n";
			showEnvVarsInLog = 0;
		};
		E91955E67EB09E5C5AEAA880 /* [CP] Embed Pods Frameworks */ = {
			isa = PBXShellScriptBuildPhase;
			buildActionMask = 2147483647;
			files = (
			);
			inputFileListPaths = (
				"${PODS_ROOT}/Target Support Files/Pods-Expense Tracker/Pods-Expense Tracker-frameworks-${CONFIGURATION}-input-files.xcfilelist",
			);
			name = "[CP] Embed Pods Frameworks";
			outputFileListPaths = (
				"${PODS_ROOT}/Target Support Files/Pods-Expense Tracker/Pods-Expense Tracker-frameworks-${CONFIGURATION}-output-files.xcfilelist",
			);
			runOnlyForDeploymentPostprocessing = 0;
			shellPath = /bin/sh;
			shellScript = "\"${PODS_ROOT}/Target Support Files/Pods-Expense Tracker/Pods-Expense Tracker-frameworks.sh\"\n";
			showEnvVarsInLog = 0;
		};
/* End PBXShellScriptBuildPhase section */

/* Begin PBXSourcesBuildPhase section */
		9647708427EDA955005DB20D /* Sources */ = {
			isa = PBXSourcesBuildPhase;
			buildActionMask = 2147483647;
			files = (
				964770AF27EDD2F2005DB20D /* TransactionExpenseTypeListViewController.swift in Sources */,
				96D7C5DC27F4339F00C1F22B /* TransactionListViewController.swift in Sources */,
				961BEEF927F1A353003A1D11 /* ExpenseTitleCollectionViewCell.swift in Sources */,
				961BEEFF27F23969003A1D11 /* ExpenseTypeView.swift in Sources */,
				96D7C5D827F4257300C1F22B /* ChartView.swift in Sources */,
				96A2DD0427F835AC0022BFEE /* SettingsTableViewCell.swift in Sources */,
				96A2DD0227F822D20022BFEE /* SettingsViewController.swift in Sources */,
				961BEEF027F19D77003A1D11 /* HeaderTitleCollectionReusableView.swift in Sources */,
				961BEEFB27F1A617003A1D11 /* ExpenseTypeLabel.swift in Sources */,
				964770AB27EDD281005DB20D /* HomeViewController.swift in Sources */,
				9619ACE427F30C9600CB0F40 /* TableHeaderViewLabel.swift in Sources */,
				96A2DD0927F835DD0022BFEE /* SettingsOption.swift in Sources */,
				961BEEE927EEEFB0003A1D11 /* EmptyView.swift in Sources */,
				9647708C27EDA956005DB20D /* AppDelegate.swift in Sources */,
				96BEA31E27F4EF9000A8D1B9 /* CDTransaction+CoreDataClass.swift in Sources */,
				9623F3D627F6E2D200C74235 /* AlertManager.swift in Sources */,
				9605036627F378590081EAC6 /* BalanceCollectionViewCell.swift in Sources */,
				9619ACE227F30BE000CB0F40 /* AddExpenseScreenTwoTableHeaderView.swift in Sources */,
				964770B327EDD32C005DB20D /* AddExpenseScreenOneViewController.swift in Sources */,
				964770AD27EDD2E0005DB20D /* ExpenseDetailedViewController.swift in Sources */,
				961BEEF727F1A34A003A1D11 /* ExpenseTypeCollectionViewCell.swift in Sources */,
				9605036227F367080081EAC6 /* HomeHeaderCollectionReusableView.swift in Sources */,
				9623F3D527F6E2D200C74235 /* HapticsManager.swift in Sources */,
				961BEEE627EDE2C4003A1D11 /* Extensions.swift in Sources */,
				961BEEEE27F1952F003A1D11 /* AddExpenseScreenTwoViewController.swift in Sources */,
				9619ACE027F2E11E00CB0F40 /* ExpenseTextfieldTableViewCell.swift in Sources */,
				96D7C5D627F4231400C1F22B /* TransactionListTableViewCell.swift in Sources */,
				9647708E27EDA956005DB20D /* SceneDelegate.swift in Sources */,
				96BEA31B27F4E1CE00A8D1B9 /* TransactionManager.swift in Sources */,
				9619ACDE27F2DE8D00CB0F40 /* ExpenseDatePickerTableViewCell.swift in Sources */,
				96BEA31F27F4EF9000A8D1B9 /* CDTransaction+CoreDataProperties.swift in Sources */,
				964770B127EDD2FF005DB20D /* AboutViewController.swift in Sources */,
				96D7C5DA27F4279400C1F22B /* ExpenseDetailedTableViewCell.swift in Sources */,
				961BEEEC27EF0901003A1D11 /* EmptyViewLabel.swift in Sources */,
				96BEA31927F4D8E800A8D1B9 /* TransactionDataRepository.swift in Sources */,
				961BEEF527F1A341003A1D11 /* ExpenseCategoryCollectionViewCell.swift in Sources */,
				96870E1127F47ED8006EDB53 /* PersistentStorage.swift in Sources */,
				964770B827EDD7DF005DB20D /* InputTextField.swift in Sources */,
				9647709627EDA956005DB20D /* Expense_Tracker.xcdatamodeld in Sources */,
				96A2DD0727F835CD0022BFEE /* SettingsSection.swift in Sources */,
				9605036427F36C640081EAC6 /* TransactionListCollectionViewCell.swift in Sources */,
			);
			runOnlyForDeploymentPostprocessing = 0;
		};
/* End PBXSourcesBuildPhase section */

/* Begin PBXVariantGroup section */
		9647709927EDA957005DB20D /* LaunchScreen.storyboard */ = {
			isa = PBXVariantGroup;
			children = (
				9647709A27EDA957005DB20D /* Base */,
			);
			name = LaunchScreen.storyboard;
			sourceTree = "<group>";
		};
/* End PBXVariantGroup section */

/* Begin XCBuildConfiguration section */
		9647709D27EDA957005DB20D /* Debug */ = {
			isa = XCBuildConfiguration;
			buildSettings = {
				ALWAYS_SEARCH_USER_PATHS = NO;
				CLANG_ANALYZER_NONNULL = YES;
				CLANG_ANALYZER_NUMBER_OBJECT_CONVERSION = YES_AGGRESSIVE;
				CLANG_CXX_LANGUAGE_STANDARD = "gnu++17";
				CLANG_ENABLE_MODULES = YES;
				CLANG_ENABLE_OBJC_ARC = YES;
				CLANG_ENABLE_OBJC_WEAK = YES;
				CLANG_WARN_BLOCK_CAPTURE_AUTORELEASING = YES;
				CLANG_WARN_BOOL_CONVERSION = YES;
				CLANG_WARN_COMMA = YES;
				CLANG_WARN_CONSTANT_CONVERSION = YES;
				CLANG_WARN_DEPRECATED_OBJC_IMPLEMENTATIONS = YES;
				CLANG_WARN_DIRECT_OBJC_ISA_USAGE = YES_ERROR;
				CLANG_WARN_DOCUMENTATION_COMMENTS = YES;
				CLANG_WARN_EMPTY_BODY = YES;
				CLANG_WARN_ENUM_CONVERSION = YES;
				CLANG_WARN_INFINITE_RECURSION = YES;
				CLANG_WARN_INT_CONVERSION = YES;
				CLANG_WARN_NON_LITERAL_NULL_CONVERSION = YES;
				CLANG_WARN_OBJC_IMPLICIT_RETAIN_SELF = YES;
				CLANG_WARN_OBJC_LITERAL_CONVERSION = YES;
				CLANG_WARN_OBJC_ROOT_CLASS = YES_ERROR;
				CLANG_WARN_QUOTED_INCLUDE_IN_FRAMEWORK_HEADER = YES;
				CLANG_WARN_RANGE_LOOP_ANALYSIS = YES;
				CLANG_WARN_STRICT_PROTOTYPES = YES;
				CLANG_WARN_SUSPICIOUS_MOVE = YES;
				CLANG_WARN_UNGUARDED_AVAILABILITY = YES_AGGRESSIVE;
				CLANG_WARN_UNREACHABLE_CODE = YES;
				CLANG_WARN__DUPLICATE_METHOD_MATCH = YES;
				COPY_PHASE_STRIP = NO;
				DEBUG_INFORMATION_FORMAT = dwarf;
				ENABLE_STRICT_OBJC_MSGSEND = YES;
				ENABLE_TESTABILITY = YES;
				GCC_C_LANGUAGE_STANDARD = gnu11;
				GCC_DYNAMIC_NO_PIC = NO;
				GCC_NO_COMMON_BLOCKS = YES;
				GCC_OPTIMIZATION_LEVEL = 0;
				GCC_PREPROCESSOR_DEFINITIONS = (
					"DEBUG=1",
					"$(inherited)",
				);
				GCC_WARN_64_TO_32_BIT_CONVERSION = YES;
				GCC_WARN_ABOUT_RETURN_TYPE = YES_ERROR;
				GCC_WARN_UNDECLARED_SELECTOR = YES;
				GCC_WARN_UNINITIALIZED_AUTOS = YES_AGGRESSIVE;
				GCC_WARN_UNUSED_FUNCTION = YES;
				GCC_WARN_UNUSED_VARIABLE = YES;
				IPHONEOS_DEPLOYMENT_TARGET = 15.4;
				MTL_ENABLE_DEBUG_INFO = INCLUDE_SOURCE;
				MTL_FAST_MATH = YES;
				ONLY_ACTIVE_ARCH = YES;
				SDKROOT = iphoneos;
				SWIFT_ACTIVE_COMPILATION_CONDITIONS = DEBUG;
				SWIFT_OPTIMIZATION_LEVEL = "-Onone";
			};
			name = Debug;
		};
		9647709E27EDA957005DB20D /* Release */ = {
			isa = XCBuildConfiguration;
			buildSettings = {
				ALWAYS_SEARCH_USER_PATHS = NO;
				CLANG_ANALYZER_NONNULL = YES;
				CLANG_ANALYZER_NUMBER_OBJECT_CONVERSION = YES_AGGRESSIVE;
				CLANG_CXX_LANGUAGE_STANDARD = "gnu++17";
				CLANG_ENABLE_MODULES = YES;
				CLANG_ENABLE_OBJC_ARC = YES;
				CLANG_ENABLE_OBJC_WEAK = YES;
				CLANG_WARN_BLOCK_CAPTURE_AUTORELEASING = YES;
				CLANG_WARN_BOOL_CONVERSION = YES;
				CLANG_WARN_COMMA = YES;
				CLANG_WARN_CONSTANT_CONVERSION = YES;
				CLANG_WARN_DEPRECATED_OBJC_IMPLEMENTATIONS = YES;
				CLANG_WARN_DIRECT_OBJC_ISA_USAGE = YES_ERROR;
				CLANG_WARN_DOCUMENTATION_COMMENTS = YES;
				CLANG_WARN_EMPTY_BODY = YES;
				CLANG_WARN_ENUM_CONVERSION = YES;
				CLANG_WARN_INFINITE_RECURSION = YES;
				CLANG_WARN_INT_CONVERSION = YES;
				CLANG_WARN_NON_LITERAL_NULL_CONVERSION = YES;
				CLANG_WARN_OBJC_IMPLICIT_RETAIN_SELF = YES;
				CLANG_WARN_OBJC_LITERAL_CONVERSION = YES;
				CLANG_WARN_OBJC_ROOT_CLASS = YES_ERROR;
				CLANG_WARN_QUOTED_INCLUDE_IN_FRAMEWORK_HEADER = YES;
				CLANG_WARN_RANGE_LOOP_ANALYSIS = YES;
				CLANG_WARN_STRICT_PROTOTYPES = YES;
				CLANG_WARN_SUSPICIOUS_MOVE = YES;
				CLANG_WARN_UNGUARDED_AVAILABILITY = YES_AGGRESSIVE;
				CLANG_WARN_UNREACHABLE_CODE = YES;
				CLANG_WARN__DUPLICATE_METHOD_MATCH = YES;
				COPY_PHASE_STRIP = NO;
				DEBUG_INFORMATION_FORMAT = "dwarf-with-dsym";
				ENABLE_NS_ASSERTIONS = NO;
				ENABLE_STRICT_OBJC_MSGSEND = YES;
				GCC_C_LANGUAGE_STANDARD = gnu11;
				GCC_NO_COMMON_BLOCKS = YES;
				GCC_WARN_64_TO_32_BIT_CONVERSION = YES;
				GCC_WARN_ABOUT_RETURN_TYPE = YES_ERROR;
				GCC_WARN_UNDECLARED_SELECTOR = YES;
				GCC_WARN_UNINITIALIZED_AUTOS = YES_AGGRESSIVE;
				GCC_WARN_UNUSED_FUNCTION = YES;
				GCC_WARN_UNUSED_VARIABLE = YES;
				IPHONEOS_DEPLOYMENT_TARGET = 15.4;
				MTL_ENABLE_DEBUG_INFO = NO;
				MTL_FAST_MATH = YES;
				SDKROOT = iphoneos;
				SWIFT_COMPILATION_MODE = wholemodule;
				SWIFT_OPTIMIZATION_LEVEL = "-O";
				VALIDATE_PRODUCT = YES;
			};
			name = Release;
		};
		964770A027EDA957005DB20D /* Debug */ = {
			isa = XCBuildConfiguration;
			baseConfigurationReference = F01808B3AD0DB10A5920E9A4 /* Pods-Expense Tracker.debug.xcconfig */;
			buildSettings = {
				ASSETCATALOG_COMPILER_APPICON_NAME = AppIcon;
				ASSETCATALOG_COMPILER_GLOBAL_ACCENT_COLOR_NAME = AccentColor;
				CODE_SIGN_STYLE = Automatic;
				CURRENT_PROJECT_VERSION = 1;
				DEVELOPMENT_TEAM = NBL2DFM5E9;
				GENERATE_INFOPLIST_FILE = YES;
				INFOPLIST_FILE = "Expense Tracker/Info.plist";
				INFOPLIST_KEY_UIApplicationSupportsIndirectInputEvents = YES;
				INFOPLIST_KEY_UILaunchStoryboardName = LaunchScreen;
				INFOPLIST_KEY_UISupportedInterfaceOrientations = UIInterfaceOrientationPortrait;
				INFOPLIST_KEY_UISupportedInterfaceOrientations_iPad = "UIInterfaceOrientationPortrait UIInterfaceOrientationPortraitUpsideDown UIInterfaceOrientationLandscapeLeft UIInterfaceOrientationLandscapeRight";
				INFOPLIST_KEY_UISupportedInterfaceOrientations_iPhone = UIInterfaceOrientationPortrait;
				IPHONEOS_DEPLOYMENT_TARGET = 14.0;
				LD_RUNPATH_SEARCH_PATHS = (
					"$(inherited)",
					"@executable_path/Frameworks",
				);
				MARKETING_VERSION = 1.0;
				PRODUCT_BUNDLE_IDENTIFIER = "com.shivamrishi.Expense-Tracker";
				PRODUCT_NAME = "$(TARGET_NAME)";
				SWIFT_EMIT_LOC_STRINGS = YES;
				SWIFT_VERSION = 5.0;
				TARGETED_DEVICE_FAMILY = 1;
			};
			name = Debug;
		};
		964770A127EDA957005DB20D /* Release */ = {
			isa = XCBuildConfiguration;
			baseConfigurationReference = 93BFFD96BBC3C39BC8BC50C8 /* Pods-Expense Tracker.release.xcconfig */;
			buildSettings = {
				ASSETCATALOG_COMPILER_APPICON_NAME = AppIcon;
				ASSETCATALOG_COMPILER_GLOBAL_ACCENT_COLOR_NAME = AccentColor;
				CODE_SIGN_STYLE = Automatic;
				CURRENT_PROJECT_VERSION = 1;
				DEVELOPMENT_TEAM = NBL2DFM5E9;
				GENERATE_INFOPLIST_FILE = YES;
				INFOPLIST_FILE = "Expense Tracker/Info.plist";
				INFOPLIST_KEY_UIApplicationSupportsIndirectInputEvents = YES;
				INFOPLIST_KEY_UILaunchStoryboardName = LaunchScreen;
				INFOPLIST_KEY_UISupportedInterfaceOrientations = UIInterfaceOrientationPortrait;
				INFOPLIST_KEY_UISupportedInterfaceOrientations_iPad = "UIInterfaceOrientationPortrait UIInterfaceOrientationPortraitUpsideDown UIInterfaceOrientationLandscapeLeft UIInterfaceOrientationLandscapeRight";
				INFOPLIST_KEY_UISupportedInterfaceOrientations_iPhone = UIInterfaceOrientationPortrait;
				IPHONEOS_DEPLOYMENT_TARGET = 14.0;
				LD_RUNPATH_SEARCH_PATHS = (
					"$(inherited)",
					"@executable_path/Frameworks",
				);
				MARKETING_VERSION = 1.0;
				PRODUCT_BUNDLE_IDENTIFIER = "com.shivamrishi.Expense-Tracker";
				PRODUCT_NAME = "$(TARGET_NAME)";
				SWIFT_EMIT_LOC_STRINGS = YES;
				SWIFT_VERSION = 5.0;
				TARGETED_DEVICE_FAMILY = 1;
			};
			name = Release;
		};
/* End XCBuildConfiguration section */

/* Begin XCConfigurationList section */
		9647708327EDA955005DB20D /* Build configuration list for PBXProject "Expense Tracker" */ = {
			isa = XCConfigurationList;
			buildConfigurations = (
				9647709D27EDA957005DB20D /* Debug */,
				9647709E27EDA957005DB20D /* Release */,
			);
			defaultConfigurationIsVisible = 0;
			defaultConfigurationName = Release;
		};
		9647709F27EDA957005DB20D /* Build configuration list for PBXNativeTarget "Expense Tracker" */ = {
			isa = XCConfigurationList;
			buildConfigurations = (
				964770A027EDA957005DB20D /* Debug */,
				964770A127EDA957005DB20D /* Release */,
			);
			defaultConfigurationIsVisible = 0;
			defaultConfigurationName = Release;
		};
/* End XCConfigurationList section */

/* Begin XCVersionGroup section */
		9647709427EDA956005DB20D /* Expense_Tracker.xcdatamodeld */ = {
			isa = XCVersionGroup;
			children = (
				9647709527EDA956005DB20D /* Expense_Tracker.xcdatamodel */,
			);
			currentVersion = 9647709527EDA956005DB20D /* Expense_Tracker.xcdatamodel */;
			path = Expense_Tracker.xcdatamodeld;
			sourceTree = "<group>";
			versionGroupType = wrapper.xcdatamodel;
		};
/* End XCVersionGroup section */
	};
	rootObject = 9647708027EDA955005DB20D /* Project object */;
}
